
Microsoft Visual Studio Solution File, Format Version 12.00
# Visual Studio Version 17
VisualStudioVersion = 17.14.36414.22 d17.14
MinimumVisualStudioVersion = 10.0.40219.1
Project("{FAE04EC0-301F-11D3-BF4B-00C04F79EFBC}") = "Gerber_demex", "Gerber_demex\Gerber_demex.csproj", "{44C8B4B7-AF75-4300-BCA2-2B648536FA70}"
EndProject
Global
	GlobalSection(SolutionConfigurationPlatforms) = preSolution
		Debug|Any CPU = Debug|Any CPU
		Release|Any CPU = Release|Any CPU
	EndGlobalSection
	GlobalSection(ProjectConfigurationPlatforms) = postSolution
		{44C8B4B7-AF75-4300-BCA2-2B648536FA70}.Debug|Any CPU.ActiveCfg = Debug|Any CPU
		{44C8B4B7-AF75-4300-BCA2-2B648536FA70}.Debug|Any CPU.Build.0 = Debug|Any CPU
		{44C8B4B7-AF75-4300-BCA2-2B648536FA70}.Release|Any CPU.ActiveCfg = Release|Any CPU
		{44C8B4B7-AF75-4300-BCA2-2B648536FA70}.Release|Any CPU.Build.0 = Release|Any CPU
	EndGlobalSection
	GlobalSection(SolutionProperties) = preSolution
		HideSolutionNode = FALSE
	EndGlobalSection
	GlobalSection(ExtensibilityGlobals) = postSolution
		SolutionGuid = {E067C302-4FDD-430E-9F45-95639F07A454}
	EndGlobalSection
EndGlobal
